
Microsoft Visual Studio Solution File, Format Version 12.00
# Visual Studio Version 17
VisualStudioVersion = 17.3.32901.215
MinimumVisualStudioVersion = 10.0.40219.1
Project("{FAE04EC0-301F-11D3-BF4B-00C04F79EFBC}") = "lab10", "lab10\lab10.csproj", "{5B78859D-D7BC-4024-BEEE-5793F11C815D}"
EndProject
Project("{FAE04EC0-301F-11D3-BF4B-00C04F79EFBC}") = "UnitTestProject1", "UnitTestProject1\UnitTestProject1.csproj", "{5225E5F1-BA5A-4492-BAF0-49EFDACC99A6}"
EndProject
Project("{FAE04EC0-301F-11D3-BF4B-00C04F79EFBC}") = "ClassLibraryLab10", "ClassLibraryLab10\ClassLibraryLab10.csproj", "{24CE16E0-017E-4D3F-864A-132270C3736A}"
EndProject
Global
	GlobalSection(SolutionConfigurationPlatforms) = preSolution
		Debug|Any CPU = Debug|Any CPU
		Release|Any CPU = Release|Any CPU
	EndGlobalSection
	GlobalSection(ProjectConfigurationPlatforms) = postSolution
		{5B78859D-D7BC-4024-BEEE-5793F11C815D}.Debug|Any CPU.ActiveCfg = Debug|Any CPU
		{5B78859D-D7BC-4024-BEEE-5793F11C815D}.Debug|Any CPU.Build.0 = Debug|Any CPU
		{5B78859D-D7BC-4024-BEEE-5793F11C815D}.Release|Any CPU.ActiveCfg = Release|Any CPU
		{5B78859D-D7BC-4024-BEEE-5793F11C815D}.Release|Any CPU.Build.0 = Release|Any CPU
		{5225E5F1-BA5A-4492-BAF0-49EFDACC99A6}.Debug|Any CPU.ActiveCfg = Debug|Any CPU
		{5225E5F1-BA5A-4492-BAF0-49EFDACC99A6}.Debug|Any CPU.Build.0 = Debug|Any CPU
		{5225E5F1-BA5A-4492-BAF0-49EFDACC99A6}.Release|Any CPU.ActiveCfg = Release|Any CPU
		{5225E5F1-BA5A-4492-BAF0-49EFDACC99A6}.Release|Any CPU.Build.0 = Release|Any CPU
		{24CE16E0-017E-4D3F-864A-132270C3736A}.Debug|Any CPU.ActiveCfg = Debug|Any CPU
		{24CE16E0-017E-4D3F-864A-132270C3736A}.Debug|Any CPU.Build.0 = Debug|Any CPU
		{24CE16E0-017E-4D3F-864A-132270C3736A}.Release|Any CPU.ActiveCfg = Release|Any CPU
		{24CE16E0-017E-4D3F-864A-132270C3736A}.Release|Any CPU.Build.0 = Release|Any CPU
	EndGlobalSection
	GlobalSection(SolutionProperties) = preSolution
		HideSolutionNode = FALSE
	EndGlobalSection
	GlobalSection(ExtensibilityGlobals) = postSolution
		SolutionGuid = {0FB6F85D-3FC2-454D-97E8-431BFF448381}
	EndGlobalSection
EndGlobal
